{
  "name": "ajsnew",
  "version": "1.0.0",
  "lockfileVersion": 3,
  "requires": true,
  "packages": {
    "": {
      "name": "ajsnew",
      "version": "1.0.0",
      "license": "ISC",
      "dependencies": {
        "@shindand/ajs": "^1.0.0"
      }
    },
    "node_modules/@shindand/ajs": {
      "version": "1.0.0",
      "resolved": "https://npm.pkg.github.com/download/@shindand/ajs/1.0.0/e29300469f034374be5f374d6f7db5850dfee56f",
      "integrity": "sha512-9SJ4Xg8FwRkHytvWEExsCFvIpxeAZwy6LTr8qcD0dYJUWDPnXHSk4maWV71V1FxxI9xi6FiNiAnGnN7BzbGKGQ==",
      "license": "ISC"
    }
  }
}
